{
  "version": 4,
  "terraform_version": "1.9.5",
  "serial": 30,
  "lineage": "fca96b92-c390-54a0-38e7-10d687e566b7",
  "outputs": {},
  "resources": [
    {
      "mode": "managed",
      "type": "azurerm_resource_group",
      "name": "rg",
      "provider": "provider[\"registry.terraform.io/hashicorp/azurerm\"]",
      "instances": [
        {
          "schema_version": 0,
          "attributes": {
            "id": "/subscriptions/494116cb-e794-4266-98e5-61c178d62cb4/resourceGroups/rheem-rg",
            "location": "southcentralus",
            "managed_by": "",
            "name": "rheem-rg",
            "tags": {
              "environment": "dev",
              "owner": "rheem"
            },
            "timeouts": null
          },
          "sensitive_attributes": [],
          "private": "eyJlMmJmYjczMC1lY2FhLTExZTYtOGY4OC0zNDM2M2JjN2M0YzAiOnsiY3JlYXRlIjo1NDAwMDAwMDAwMDAwLCJkZWxldGUiOjU0MDAwMDAwMDAwMDAsInJlYWQiOjMwMDAwMDAwMDAwMCwidXBkYXRlIjo1NDAwMDAwMDAwMDAwfX0="
        }
      ]
    },
    {
      "module": "module.aca_env",
      "mode": "managed",
      "type": "azurerm_container_app_environment",
      "name": "aca_env",
      "provider": "provider[\"registry.terraform.io/hashicorp/azurerm\"]",
      "instances": [
        {
          "schema_version": 0,
          "attributes": {
            "custom_domain_verification_id": "D2EB6639D5A64882180EF6DC6518CAF9996079B1F43288FC4F7A4D55DB550598",
            "dapr_application_insights_connection_string": "",
            "default_domain": "nicecoast-83437e59.southcentralus.azurecontainerapps.io",
            "docker_bridge_cidr": "",
            "id": "/subscriptions/494116cb-e794-4266-98e5-61c178d62cb4/resourceGroups/rheem-rg/providers/Microsoft.App/managedEnvironments/aca-environment",
            "infrastructure_resource_group_name": "",
            "infrastructure_subnet_id": "/subscriptions/494116cb-e794-4266-98e5-61c178d62cb4/resourceGroups/rheem-rg/providers/Microsoft.Network/virtualNetworks/vnet-cloud/subnets/subnet-cloud-aca",
            "internal_load_balancer_enabled": false,
            "location": "southcentralus",
            "log_analytics_workspace_id": "/subscriptions/494116cb-e794-4266-98e5-61c178d62cb4/resourceGroups/rheem-rg/providers/Microsoft.OperationalInsights/workspaces/aca-log-analytics",
            "mutual_tls_enabled": false,
            "name": "aca-environment",
            "platform_reserved_cidr": "10.0.0.0/16",
            "platform_reserved_dns_ip_address": "10.0.0.2",
            "resource_group_name": "rheem-rg",
            "static_ip_address": "20.114.105.44",
            "tags": {
              "environment": "dev",
              "owner": "rheem"
            },
            "timeouts": null,
            "workload_profile": [],
            "zone_redundancy_enabled": false
          },
          "sensitive_attributes": [
            [
              {
                "type": "get_attr",
                "value": "dapr_application_insights_connection_string"
              }
            ]
          ],
          "private": "eyJlMmJmYjczMC1lY2FhLTExZTYtOGY4OC0zNDM2M2JjN2M0YzAiOnsiY3JlYXRlIjoxODAwMDAwMDAwMDAwLCJkZWxldGUiOjE4MDAwMDAwMDAwMDAsInJlYWQiOjMwMDAwMDAwMDAwMCwidXBkYXRlIjoxODAwMDAwMDAwMDAwfX0=",
          "dependencies": [
            "azurerm_resource_group.rg",
            "module.aca_env.azurerm_log_analytics_workspace.aca_log_analytics",
            "module.vnet_cloud.azurerm_subnet.subnet_cloud_aca",
            "module.vnet_cloud.azurerm_virtual_network.vnet_cloud"
          ]
        }
      ]
    },
    {
      "module": "module.aca_env",
      "mode": "managed",
      "type": "azurerm_log_analytics_workspace",
      "name": "aca_log_analytics",
      "provider": "provider[\"registry.terraform.io/hashicorp/azurerm\"]",
      "instances": [
        {
          "schema_version": 3,
          "attributes": {
            "allow_resource_only_permissions": true,
            "cmk_for_query_forced": false,
            "daily_quota_gb": -1,
            "data_collection_rule_id": "",
            "id": "/subscriptions/494116cb-e794-4266-98e5-61c178d62cb4/resourceGroups/rheem-rg/providers/Microsoft.OperationalInsights/workspaces/aca-log-analytics",
            "identity": [],
            "immediate_data_purge_on_30_days_enabled": false,
            "internet_ingestion_enabled": true,
            "internet_query_enabled": true,
            "local_authentication_disabled": false,
            "location": "southcentralus",
            "name": "aca-log-analytics",
            "primary_shared_key": "WWdph8Kyx++54BgG0+ka1Rp+9DYmy/TEFP8/Z1vn+r79kuHC8V60oy/aS7ngMgsWZZHRhYDma9G1qjoSpy5qmw==",
            "reservation_capacity_in_gb_per_day": null,
            "resource_group_name": "rheem-rg",
            "retention_in_days": 30,
            "secondary_shared_key": "UPOWboj5fBSrLl+J295atmWLe6GT7OXPnVPP30QfZLPrOv0wvO/kjGxY8s9IxZlyUyKyAy2E0jUwGGrngT7RIw==",
            "sku": "PerGB2018",
            "tags": {
              "environment": "dev",
              "owner": "rheem"
            },
            "timeouts": null,
            "workspace_id": "b5db4f29-3da9-4f3c-9fdb-67d1503d2ee1"
          },
          "sensitive_attributes": [
            [
              {
                "type": "get_attr",
                "value": "secondary_shared_key"
              }
            ],
            [
              {
                "type": "get_attr",
                "value": "primary_shared_key"
              }
            ]
          ],
          "private": "eyJlMmJmYjczMC1lY2FhLTExZTYtOGY4OC0zNDM2M2JjN2M0YzAiOnsiY3JlYXRlIjoxODAwMDAwMDAwMDAwLCJkZWxldGUiOjE4MDAwMDAwMDAwMDAsInJlYWQiOjMwMDAwMDAwMDAwMCwidXBkYXRlIjoxODAwMDAwMDAwMDAwfSwic2NoZW1hX3ZlcnNpb24iOiIzIn0=",
          "dependencies": [
            "azurerm_resource_group.rg"
          ]
        }
      ]
    },
    {
      "module": "module.identity",
      "mode": "managed",
      "type": "azurerm_user_assigned_identity",
      "name": "user_managed_identity",
      "provider": "provider[\"registry.terraform.io/hashicorp/azurerm\"]",
      "instances": [
        {
          "schema_version": 1,
          "attributes": {
            "client_id": "ce5ebf01-089c-4f4e-af05-15904ca44924",
            "id": "/subscriptions/494116cb-e794-4266-98e5-61c178d62cb4/resourceGroups/rheem-rg/providers/Microsoft.ManagedIdentity/userAssignedIdentities/aca-managed-identity",
            "location": "southcentralus",
            "name": "aca-managed-identity",
            "principal_id": "f5f768ae-b4c0-415a-a90e-18e0db40b557",
            "resource_group_name": "rheem-rg",
            "tags": {},
            "tenant_id": "93366ed2-d3b1-450b-9a7a-97c613864bad",
            "timeouts": null
          },
          "sensitive_attributes": [],
          "private": "eyJlMmJmYjczMC1lY2FhLTExZTYtOGY4OC0zNDM2M2JjN2M0YzAiOnsiY3JlYXRlIjoxODAwMDAwMDAwMDAwLCJkZWxldGUiOjE4MDAwMDAwMDAwMDAsInJlYWQiOjMwMDAwMDAwMDAwMCwidXBkYXRlIjoxODAwMDAwMDAwMDAwfSwic2NoZW1hX3ZlcnNpb24iOiIxIn0=",
          "dependencies": [
            "azurerm_resource_group.rg"
          ]
        }
      ]
    },
    {
      "module": "module.ssh",
      "mode": "managed",
      "type": "azurerm_ssh_public_key",
      "name": "ssh",
      "provider": "provider[\"registry.terraform.io/hashicorp/azurerm\"]",
      "instances": [
        {
          "schema_version": 0,
          "attributes": {
            "id": "/subscriptions/494116cb-e794-4266-98e5-61c178d62cb4/resourceGroups/rheem-rg/providers/Microsoft.Compute/sshPublicKeys/rheem-ssh-key",
            "location": "southcentralus",
            "name": "rheem-ssh-key",
            "public_key": "ssh-ed25519 AAAAC3NzaC1lZDI1NTE5AAAAIKZUphLk+/fA846zl2PSJPH8bnQ5Tl67hLVG70cPfJFi vscode@c6ee487e9f15",
            "resource_group_name": "rheem-rg",
            "tags": {},
            "timeouts": null
          },
          "sensitive_attributes": [],
          "private": "eyJlMmJmYjczMC1lY2FhLTExZTYtOGY4OC0zNDM2M2JjN2M0YzAiOnsiY3JlYXRlIjoyNzAwMDAwMDAwMDAwLCJkZWxldGUiOjI3MDAwMDAwMDAwMDAsInJlYWQiOjMwMDAwMDAwMDAwMCwidXBkYXRlIjoyNzAwMDAwMDAwMDAwfX0=",
          "dependencies": [
            "azurerm_resource_group.rg"
          ]
        }
      ]
    },
    {
      "module": "module.vm_cloud",
      "mode": "managed",
      "type": "azurerm_linux_virtual_machine",
      "name": "vm",
      "provider": "provider[\"registry.terraform.io/hashicorp/azurerm\"]",
      "instances": [
        {
          "schema_version": 0,
          "attributes": {
            "additional_capabilities": [],
            "admin_password": null,
            "admin_ssh_key": [
              {
                "public_key": "ssh-ed25519 AAAAC3NzaC1lZDI1NTE5AAAAIKZUphLk+/fA846zl2PSJPH8bnQ5Tl67hLVG70cPfJFi vscode@c6ee487e9f15",
                "username": "vscode"
              }
            ],
            "admin_username": "vscode",
            "allow_extension_operations": true,
            "availability_set_id": "",
            "boot_diagnostics": [],
            "bypass_platform_safety_checks_on_user_schedule_enabled": false,
            "capacity_reservation_group_id": "",
            "computer_name": "vm-cloud",
            "custom_data": null,
            "dedicated_host_group_id": "",
            "dedicated_host_id": "",
            "disable_password_authentication": true,
            "disk_controller_type": "",
            "edge_zone": "",
            "encryption_at_host_enabled": false,
            "eviction_policy": "",
            "extensions_time_budget": "PT1H30M",
            "gallery_application": [],
            "id": "/subscriptions/494116cb-e794-4266-98e5-61c178d62cb4/resourceGroups/rheem-rg/providers/Microsoft.Compute/virtualMachines/vm-cloud",
            "identity": [],
            "license_type": "",
            "location": "southcentralus",
            "max_bid_price": -1,
            "name": "vm-cloud",
            "network_interface_ids": [
              "/subscriptions/494116cb-e794-4266-98e5-61c178d62cb4/resourceGroups/rheem-rg/providers/Microsoft.Network/networkInterfaces/nic-cloud"
            ],
            "os_disk": [
              {
                "caching": "ReadWrite",
                "diff_disk_settings": [],
                "disk_encryption_set_id": "",
                "disk_size_gb": 30,
                "name": "vm-cloud-osdisk",
                "secure_vm_disk_encryption_set_id": "",
                "security_encryption_type": "",
                "storage_account_type": "Standard_LRS",
                "write_accelerator_enabled": false
              }
            ],
            "os_image_notification": [],
            "patch_assessment_mode": "ImageDefault",
            "patch_mode": "ImageDefault",
            "plan": [],
            "platform_fault_domain": -1,
            "priority": "Regular",
            "private_ip_address": "10.1.0.4",
            "private_ip_addresses": [
              "10.1.0.4"
            ],
            "provision_vm_agent": true,
            "proximity_placement_group_id": "",
            "public_ip_address": "13.65.122.28",
            "public_ip_addresses": [
              "13.65.122.28"
            ],
            "reboot_setting": "",
            "resource_group_name": "rheem-rg",
            "secret": [],
            "secure_boot_enabled": false,
            "size": "Standard_DS2_v2",
            "source_image_id": "",
            "source_image_reference": [
              {
                "offer": "0001-com-ubuntu-server-jammy",
                "publisher": "Canonical",
                "sku": "22_04-lts",
                "version": "latest"
              }
            ],
            "tags": {
              "environment": "dev",
              "owner": "rheem"
            },
            "termination_notification": [],
            "timeouts": null,
            "user_data": "",
            "virtual_machine_id": "6de15f45-e3d9-4c9b-8fcc-913deec781eb",
            "virtual_machine_scale_set_id": "",
            "vm_agent_platform_updates_enabled": false,
            "vtpm_enabled": false,
            "zone": ""
          },
          "sensitive_attributes": [
            [
              {
                "type": "get_attr",
                "value": "admin_password"
              }
            ],
            [
              {
                "type": "get_attr",
                "value": "custom_data"
              }
            ],
            [
              {
                "type": "get_attr",
                "value": "admin_ssh_key"
              }
            ],
            [
              {
                "type": "get_attr",
                "value": "admin_username"
              }
            ]
          ],
          "private": "eyJlMmJmYjczMC1lY2FhLTExZTYtOGY4OC0zNDM2M2JjN2M0YzAiOnsiY3JlYXRlIjoyNzAwMDAwMDAwMDAwLCJkZWxldGUiOjI3MDAwMDAwMDAwMDAsInJlYWQiOjMwMDAwMDAwMDAwMCwidXBkYXRlIjoyNzAwMDAwMDAwMDAwfX0=",
          "dependencies": [
            "azurerm_resource_group.rg",
            "module.ssh.azurerm_ssh_public_key.ssh",
            "module.vnet_cloud.azurerm_network_interface.nic_cloud",
            "module.vnet_cloud.azurerm_public_ip.public_ip_cloud",
            "module.vnet_cloud.azurerm_subnet.subnet_cloud",
            "module.vnet_cloud.azurerm_virtual_network.vnet_cloud"
          ]
        }
      ]
    },
    {
      "module": "module.vm_onprem",
      "mode": "managed",
      "type": "azurerm_linux_virtual_machine",
      "name": "vm",
      "provider": "provider[\"registry.terraform.io/hashicorp/azurerm\"]",
      "instances": [
        {
          "schema_version": 0,
          "attributes": {
            "additional_capabilities": [],
            "admin_password": null,
            "admin_ssh_key": [
              {
                "public_key": "ssh-ed25519 AAAAC3NzaC1lZDI1NTE5AAAAIKZUphLk+/fA846zl2PSJPH8bnQ5Tl67hLVG70cPfJFi vscode@c6ee487e9f15",
                "username": "vscode"
              }
            ],
            "admin_username": "vscode",
            "allow_extension_operations": true,
            "availability_set_id": "",
            "boot_diagnostics": [],
            "bypass_platform_safety_checks_on_user_schedule_enabled": false,
            "capacity_reservation_group_id": "",
            "computer_name": "vm-onprem",
            "custom_data": null,
            "dedicated_host_group_id": "",
            "dedicated_host_id": "",
            "disable_password_authentication": true,
            "disk_controller_type": "",
            "edge_zone": "",
            "encryption_at_host_enabled": false,
            "eviction_policy": "",
            "extensions_time_budget": "PT1H30M",
            "gallery_application": [],
            "id": "/subscriptions/494116cb-e794-4266-98e5-61c178d62cb4/resourceGroups/rheem-rg/providers/Microsoft.Compute/virtualMachines/vm-onprem",
            "identity": [],
            "license_type": "",
            "location": "southcentralus",
            "max_bid_price": -1,
            "name": "vm-onprem",
            "network_interface_ids": [
              "/subscriptions/494116cb-e794-4266-98e5-61c178d62cb4/resourceGroups/rheem-rg/providers/Microsoft.Network/networkInterfaces/nic-onprem"
            ],
            "os_disk": [
              {
                "caching": "ReadWrite",
                "diff_disk_settings": [],
                "disk_encryption_set_id": "",
                "disk_size_gb": 30,
                "name": "vm-onprem-osdisk",
                "secure_vm_disk_encryption_set_id": "",
                "security_encryption_type": "",
                "storage_account_type": "Standard_LRS",
                "write_accelerator_enabled": false
              }
            ],
            "os_image_notification": [],
            "patch_assessment_mode": "ImageDefault",
            "patch_mode": "ImageDefault",
            "plan": [],
            "platform_fault_domain": -1,
            "priority": "Regular",
            "private_ip_address": "10.0.0.4",
            "private_ip_addresses": [
              "10.0.0.4"
            ],
            "provision_vm_agent": true,
            "proximity_placement_group_id": "",
            "public_ip_address": "13.65.122.43",
            "public_ip_addresses": [
              "13.65.122.43"
            ],
            "reboot_setting": "",
            "resource_group_name": "rheem-rg",
            "secret": [],
            "secure_boot_enabled": false,
            "size": "Standard_DS2_v2",
            "source_image_id": "",
            "source_image_reference": [
              {
                "offer": "0001-com-ubuntu-server-jammy",
                "publisher": "Canonical",
                "sku": "22_04-lts",
                "version": "latest"
              }
            ],
            "tags": {
              "environment": "dev",
              "owner": "rheem"
            },
            "termination_notification": [],
            "timeouts": null,
            "user_data": "",
            "virtual_machine_id": "9fc4650c-78da-43a2-8d14-0c91cefe3fa8",
            "virtual_machine_scale_set_id": "",
            "vm_agent_platform_updates_enabled": false,
            "vtpm_enabled": false,
            "zone": ""
          },
          "sensitive_attributes": [
            [
              {
                "type": "get_attr",
                "value": "admin_username"
              }
            ],
            [
              {
                "type": "get_attr",
                "value": "admin_password"
              }
            ],
            [
              {
                "type": "get_attr",
                "value": "custom_data"
              }
            ],
            [
              {
                "type": "get_attr",
                "value": "admin_ssh_key"
              }
            ]
          ],
          "private": "eyJlMmJmYjczMC1lY2FhLTExZTYtOGY4OC0zNDM2M2JjN2M0YzAiOnsiY3JlYXRlIjoyNzAwMDAwMDAwMDAwLCJkZWxldGUiOjI3MDAwMDAwMDAwMDAsInJlYWQiOjMwMDAwMDAwMDAwMCwidXBkYXRlIjoyNzAwMDAwMDAwMDAwfX0=",
          "dependencies": [
            "azurerm_resource_group.rg",
            "module.ssh.azurerm_ssh_public_key.ssh",
            "module.vnet_onprem.azurerm_network_interface.nic_onprem",
            "module.vnet_onprem.azurerm_public_ip.public_ip_onprem",
            "module.vnet_onprem.azurerm_subnet.subnet_onprem",
            "module.vnet_onprem.azurerm_virtual_network.vnet_onprem"
          ]
        }
      ]
    },
    {
      "module": "module.vnet_cloud",
      "mode": "managed",
      "type": "azurerm_network_interface",
      "name": "nic_cloud",
      "provider": "provider[\"registry.terraform.io/hashicorp/azurerm\"]",
      "instances": [
        {
          "schema_version": 0,
          "attributes": {
            "accelerated_networking_enabled": false,
            "applied_dns_servers": [],
            "auxiliary_mode": "",
            "auxiliary_sku": "",
            "dns_servers": [],
            "edge_zone": "",
            "id": "/subscriptions/494116cb-e794-4266-98e5-61c178d62cb4/resourceGroups/rheem-rg/providers/Microsoft.Network/networkInterfaces/nic-cloud",
            "internal_dns_name_label": "",
            "internal_domain_name_suffix": "iznfqf3atisebdcja1i0n1v4bh.jx.internal.cloudapp.net",
            "ip_configuration": [
              {
                "gateway_load_balancer_frontend_ip_configuration_id": "",
                "name": "ipconfig-cloud",
                "primary": true,
                "private_ip_address": "10.1.0.4",
                "private_ip_address_allocation": "Dynamic",
                "private_ip_address_version": "IPv4",
                "public_ip_address_id": "/subscriptions/494116cb-e794-4266-98e5-61c178d62cb4/resourceGroups/rheem-rg/providers/Microsoft.Network/publicIPAddresses/public-ip-cloud",
                "subnet_id": "/subscriptions/494116cb-e794-4266-98e5-61c178d62cb4/resourceGroups/rheem-rg/providers/Microsoft.Network/virtualNetworks/vnet-cloud/subnets/subnet-cloud"
              }
            ],
            "ip_forwarding_enabled": false,
            "location": "southcentralus",
            "mac_address": "00-22-48-A7-F4-10",
            "name": "nic-cloud",
            "private_ip_address": "10.1.0.4",
            "private_ip_addresses": [
              "10.1.0.4"
            ],
            "resource_group_name": "rheem-rg",
            "tags": {
              "environment": "dev",
              "owner": "rheem"
            },
            "timeouts": null,
            "virtual_machine_id": "/subscriptions/494116cb-e794-4266-98e5-61c178d62cb4/resourceGroups/rheem-rg/providers/Microsoft.Compute/virtualMachines/vm-cloud"
          },
          "sensitive_attributes": [],
          "private": "eyJlMmJmYjczMC1lY2FhLTExZTYtOGY4OC0zNDM2M2JjN2M0YzAiOnsiY3JlYXRlIjoxODAwMDAwMDAwMDAwLCJkZWxldGUiOjE4MDAwMDAwMDAwMDAsInJlYWQiOjMwMDAwMDAwMDAwMCwidXBkYXRlIjoxODAwMDAwMDAwMDAwfX0=",
          "dependencies": [
            "azurerm_resource_group.rg",
            "module.vnet_cloud.azurerm_public_ip.public_ip_cloud",
            "module.vnet_cloud.azurerm_subnet.subnet_cloud",
            "module.vnet_cloud.azurerm_virtual_network.vnet_cloud"
          ]
        }
      ]
    },
    {
      "module": "module.vnet_cloud",
      "mode": "managed",
      "type": "azurerm_network_interface_security_group_association",
      "name": "nic_nsg_cloud_association",
      "provider": "provider[\"registry.terraform.io/hashicorp/azurerm\"]",
      "instances": [
        {
          "schema_version": 0,
          "attributes": {
            "id": "/subscriptions/494116cb-e794-4266-98e5-61c178d62cb4/resourceGroups/rheem-rg/providers/Microsoft.Network/networkInterfaces/nic-cloud|/subscriptions/494116cb-e794-4266-98e5-61c178d62cb4/resourceGroups/rheem-rg/providers/Microsoft.Network/networkSecurityGroups/nsg-cloud",
            "network_interface_id": "/subscriptions/494116cb-e794-4266-98e5-61c178d62cb4/resourceGroups/rheem-rg/providers/Microsoft.Network/networkInterfaces/nic-cloud",
            "network_security_group_id": "/subscriptions/494116cb-e794-4266-98e5-61c178d62cb4/resourceGroups/rheem-rg/providers/Microsoft.Network/networkSecurityGroups/nsg-cloud",
            "timeouts": null
          },
          "sensitive_attributes": [],
          "private": "eyJlMmJmYjczMC1lY2FhLTExZTYtOGY4OC0zNDM2M2JjN2M0YzAiOnsiY3JlYXRlIjoxODAwMDAwMDAwMDAwLCJkZWxldGUiOjE4MDAwMDAwMDAwMDAsInJlYWQiOjMwMDAwMDAwMDAwMH19",
          "dependencies": [
            "azurerm_resource_group.rg",
            "module.vnet_cloud.azurerm_network_interface.nic_cloud",
            "module.vnet_cloud.azurerm_network_security_group.nsg_cloud",
            "module.vnet_cloud.azurerm_public_ip.public_ip_cloud",
            "module.vnet_cloud.azurerm_subnet.subnet_cloud",
            "module.vnet_cloud.azurerm_virtual_network.vnet_cloud"
          ]
        }
      ]
    },
    {
      "module": "module.vnet_cloud",
      "mode": "managed",
      "type": "azurerm_network_security_group",
      "name": "nsg_cloud",
      "provider": "provider[\"registry.terraform.io/hashicorp/azurerm\"]",
      "instances": [
        {
          "schema_version": 0,
          "attributes": {
            "id": "/subscriptions/494116cb-e794-4266-98e5-61c178d62cb4/resourceGroups/rheem-rg/providers/Microsoft.Network/networkSecurityGroups/nsg-cloud",
            "location": "southcentralus",
            "name": "nsg-cloud",
            "resource_group_name": "rheem-rg",
            "security_rule": [],
            "tags": {
              "environment": "dev",
              "owner": "rheem"
            },
            "timeouts": null
          },
          "sensitive_attributes": [],
          "private": "eyJlMmJmYjczMC1lY2FhLTExZTYtOGY4OC0zNDM2M2JjN2M0YzAiOnsiY3JlYXRlIjoxODAwMDAwMDAwMDAwLCJkZWxldGUiOjE4MDAwMDAwMDAwMDAsInJlYWQiOjMwMDAwMDAwMDAwMCwidXBkYXRlIjoxODAwMDAwMDAwMDAwfX0=",
          "dependencies": [
            "azurerm_resource_group.rg"
          ]
        }
      ]
    },
    {
      "module": "module.vnet_cloud",
      "mode": "managed",
      "type": "azurerm_public_ip",
      "name": "public_ip_cloud",
      "provider": "provider[\"registry.terraform.io/hashicorp/azurerm\"]",
      "instances": [
        {
          "schema_version": 0,
          "attributes": {
            "allocation_method": "Static",
            "ddos_protection_mode": "VirtualNetworkInherited",
            "ddos_protection_plan_id": null,
            "domain_name_label": null,
            "edge_zone": "",
            "fqdn": null,
            "id": "/subscriptions/494116cb-e794-4266-98e5-61c178d62cb4/resourceGroups/rheem-rg/providers/Microsoft.Network/publicIPAddresses/public-ip-cloud",
            "idle_timeout_in_minutes": 4,
            "ip_address": "13.65.122.28",
            "ip_tags": {},
            "ip_version": "IPv4",
            "location": "southcentralus",
            "name": "public-ip-cloud",
            "public_ip_prefix_id": null,
            "resource_group_name": "rheem-rg",
            "reverse_fqdn": null,
            "sku": "Standard",
            "sku_tier": "Regional",
            "tags": {
              "environment": "dev",
              "owner": "rheem"
            },
            "timeouts": null,
            "zones": []
          },
          "sensitive_attributes": [],
          "private": "eyJlMmJmYjczMC1lY2FhLTExZTYtOGY4OC0zNDM2M2JjN2M0YzAiOnsiY3JlYXRlIjoxODAwMDAwMDAwMDAwLCJkZWxldGUiOjE4MDAwMDAwMDAwMDAsInJlYWQiOjMwMDAwMDAwMDAwMCwidXBkYXRlIjoxODAwMDAwMDAwMDAwfX0=",
          "dependencies": [
            "azurerm_resource_group.rg"
          ]
        }
      ]
    },
    {
      "module": "module.vnet_cloud",
      "mode": "managed",
      "type": "azurerm_subnet",
      "name": "subnet_cloud",
      "provider": "provider[\"registry.terraform.io/hashicorp/azurerm\"]",
      "instances": [
        {
          "schema_version": 0,
          "attributes": {
            "address_prefixes": [
              "10.1.0.0/23"
            ],
            "default_outbound_access_enabled": true,
            "delegation": [],
            "id": "/subscriptions/494116cb-e794-4266-98e5-61c178d62cb4/resourceGroups/rheem-rg/providers/Microsoft.Network/virtualNetworks/vnet-cloud/subnets/subnet-cloud",
            "name": "subnet-cloud",
            "private_endpoint_network_policies": "Disabled",
            "private_link_service_network_policies_enabled": true,
            "resource_group_name": "rheem-rg",
            "service_endpoint_policy_ids": [],
            "service_endpoints": [],
            "timeouts": null,
            "virtual_network_name": "vnet-cloud"
          },
          "sensitive_attributes": [],
          "private": "eyJlMmJmYjczMC1lY2FhLTExZTYtOGY4OC0zNDM2M2JjN2M0YzAiOnsiY3JlYXRlIjoxODAwMDAwMDAwMDAwLCJkZWxldGUiOjE4MDAwMDAwMDAwMDAsInJlYWQiOjMwMDAwMDAwMDAwMCwidXBkYXRlIjoxODAwMDAwMDAwMDAwfX0=",
          "dependencies": [
            "azurerm_resource_group.rg",
            "module.vnet_cloud.azurerm_virtual_network.vnet_cloud"
          ]
        }
      ]
    },
    {
      "module": "module.vnet_cloud",
      "mode": "managed",
      "type": "azurerm_subnet",
      "name": "subnet_cloud_aca",
      "provider": "provider[\"registry.terraform.io/hashicorp/azurerm\"]",
      "instances": [
        {
          "schema_version": 0,
          "attributes": {
            "address_prefixes": [
              "10.1.2.0/23"
            ],
            "default_outbound_access_enabled": true,
            "delegation": [],
            "id": "/subscriptions/494116cb-e794-4266-98e5-61c178d62cb4/resourceGroups/rheem-rg/providers/Microsoft.Network/virtualNetworks/vnet-cloud/subnets/subnet-cloud-aca",
            "name": "subnet-cloud-aca",
            "private_endpoint_network_policies": "Disabled",
            "private_link_service_network_policies_enabled": true,
            "resource_group_name": "rheem-rg",
            "service_endpoint_policy_ids": [],
            "service_endpoints": [],
            "timeouts": null,
            "virtual_network_name": "vnet-cloud"
          },
          "sensitive_attributes": [],
          "private": "eyJlMmJmYjczMC1lY2FhLTExZTYtOGY4OC0zNDM2M2JjN2M0YzAiOnsiY3JlYXRlIjoxODAwMDAwMDAwMDAwLCJkZWxldGUiOjE4MDAwMDAwMDAwMDAsInJlYWQiOjMwMDAwMDAwMDAwMCwidXBkYXRlIjoxODAwMDAwMDAwMDAwfX0=",
          "dependencies": [
            "azurerm_resource_group.rg",
            "module.vnet_cloud.azurerm_virtual_network.vnet_cloud"
          ]
        }
      ]
    },
    {
      "module": "module.vnet_cloud",
      "mode": "managed",
      "type": "azurerm_virtual_network",
      "name": "vnet_cloud",
      "provider": "provider[\"registry.terraform.io/hashicorp/azurerm\"]",
      "instances": [
        {
          "schema_version": 0,
          "attributes": {
            "address_space": [
              "10.1.0.0/16"
            ],
            "bgp_community": "",
            "ddos_protection_plan": [],
            "dns_servers": [],
            "edge_zone": "",
            "encryption": [],
            "flow_timeout_in_minutes": 0,
            "guid": "17585a46-9aa0-4024-8c49-06d1a6eebe0f",
            "id": "/subscriptions/494116cb-e794-4266-98e5-61c178d62cb4/resourceGroups/rheem-rg/providers/Microsoft.Network/virtualNetworks/vnet-cloud",
            "location": "southcentralus",
            "name": "vnet-cloud",
            "resource_group_name": "rheem-rg",
            "subnet": [
              {
                "address_prefixes": [
                  "10.1.0.0/23"
                ],
                "default_outbound_access_enabled": true,
                "delegation": [],
                "id": "/subscriptions/494116cb-e794-4266-98e5-61c178d62cb4/resourceGroups/rheem-rg/providers/Microsoft.Network/virtualNetworks/vnet-cloud/subnets/subnet-cloud",
                "name": "subnet-cloud",
                "private_endpoint_network_policies": "Disabled",
                "private_link_service_network_policies_enabled": true,
                "route_table_id": "",
                "security_group": "",
                "service_endpoint_policy_ids": [],
                "service_endpoints": []
              },
              {
                "address_prefixes": [
                  "10.1.2.0/23"
                ],
                "default_outbound_access_enabled": true,
                "delegation": [],
                "id": "/subscriptions/494116cb-e794-4266-98e5-61c178d62cb4/resourceGroups/rheem-rg/providers/Microsoft.Network/virtualNetworks/vnet-cloud/subnets/subnet-cloud-aca",
                "name": "subnet-cloud-aca",
                "private_endpoint_network_policies": "Disabled",
                "private_link_service_network_policies_enabled": true,
                "route_table_id": "",
                "security_group": "",
                "service_endpoint_policy_ids": [],
                "service_endpoints": []
              }
            ],
            "tags": {
              "environment": "dev",
              "owner": "rheem"
            },
            "timeouts": null
          },
          "sensitive_attributes": [],
          "private": "eyJlMmJmYjczMC1lY2FhLTExZTYtOGY4OC0zNDM2M2JjN2M0YzAiOnsiY3JlYXRlIjoxODAwMDAwMDAwMDAwLCJkZWxldGUiOjE4MDAwMDAwMDAwMDAsInJlYWQiOjMwMDAwMDAwMDAwMCwidXBkYXRlIjoxODAwMDAwMDAwMDAwfX0=",
          "dependencies": [
            "azurerm_resource_group.rg"
          ]
        }
      ]
    },
    {
      "module": "module.vnet_onprem",
      "mode": "managed",
      "type": "azurerm_network_interface",
      "name": "nic_onprem",
      "provider": "provider[\"registry.terraform.io/hashicorp/azurerm\"]",
      "instances": [
        {
          "schema_version": 0,
          "attributes": {
            "accelerated_networking_enabled": false,
            "applied_dns_servers": [],
            "auxiliary_mode": "",
            "auxiliary_sku": "",
            "dns_servers": [],
            "edge_zone": "",
            "id": "/subscriptions/494116cb-e794-4266-98e5-61c178d62cb4/resourceGroups/rheem-rg/providers/Microsoft.Network/networkInterfaces/nic-onprem",
            "internal_dns_name_label": "",
            "internal_domain_name_suffix": "dnxw4ntvmgtebhtsvl3wodtn5h.jx.internal.cloudapp.net",
            "ip_configuration": [
              {
                "gateway_load_balancer_frontend_ip_configuration_id": "",
                "name": "ipconfig-onprem",
                "primary": true,
                "private_ip_address": "10.0.0.4",
                "private_ip_address_allocation": "Dynamic",
                "private_ip_address_version": "IPv4",
                "public_ip_address_id": "/subscriptions/494116cb-e794-4266-98e5-61c178d62cb4/resourceGroups/rheem-rg/providers/Microsoft.Network/publicIPAddresses/public-ip-onprem",
                "subnet_id": "/subscriptions/494116cb-e794-4266-98e5-61c178d62cb4/resourceGroups/rheem-rg/providers/Microsoft.Network/virtualNetworks/vnet-onprem/subnets/subnet-onprem"
              }
            ],
            "ip_forwarding_enabled": false,
            "location": "southcentralus",
            "mac_address": "00-0D-3A-76-57-6E",
            "name": "nic-onprem",
            "private_ip_address": "10.0.0.4",
            "private_ip_addresses": [
              "10.0.0.4"
            ],
            "resource_group_name": "rheem-rg",
            "tags": {},
            "timeouts": null,
            "virtual_machine_id": "/subscriptions/494116cb-e794-4266-98e5-61c178d62cb4/resourceGroups/rheem-rg/providers/Microsoft.Compute/virtualMachines/vm-onprem"
          },
          "sensitive_attributes": [],
          "private": "eyJlMmJmYjczMC1lY2FhLTExZTYtOGY4OC0zNDM2M2JjN2M0YzAiOnsiY3JlYXRlIjoxODAwMDAwMDAwMDAwLCJkZWxldGUiOjE4MDAwMDAwMDAwMDAsInJlYWQiOjMwMDAwMDAwMDAwMCwidXBkYXRlIjoxODAwMDAwMDAwMDAwfX0=",
          "dependencies": [
            "azurerm_resource_group.rg",
            "module.vnet_onprem.azurerm_public_ip.public_ip_onprem",
            "module.vnet_onprem.azurerm_subnet.subnet_onprem",
            "module.vnet_onprem.azurerm_virtual_network.vnet_onprem"
          ]
        }
      ]
    },
    {
      "module": "module.vnet_onprem",
      "mode": "managed",
      "type": "azurerm_network_interface_security_group_association",
      "name": "nic_nsg_onprem_association",
      "provider": "provider[\"registry.terraform.io/hashicorp/azurerm\"]",
      "instances": [
        {
          "schema_version": 0,
          "attributes": {
            "id": "/subscriptions/494116cb-e794-4266-98e5-61c178d62cb4/resourceGroups/rheem-rg/providers/Microsoft.Network/networkInterfaces/nic-onprem|/subscriptions/494116cb-e794-4266-98e5-61c178d62cb4/resourceGroups/rheem-rg/providers/Microsoft.Network/networkSecurityGroups/nsg-onprem",
            "network_interface_id": "/subscriptions/494116cb-e794-4266-98e5-61c178d62cb4/resourceGroups/rheem-rg/providers/Microsoft.Network/networkInterfaces/nic-onprem",
            "network_security_group_id": "/subscriptions/494116cb-e794-4266-98e5-61c178d62cb4/resourceGroups/rheem-rg/providers/Microsoft.Network/networkSecurityGroups/nsg-onprem",
            "timeouts": null
          },
          "sensitive_attributes": [],
          "private": "eyJlMmJmYjczMC1lY2FhLTExZTYtOGY4OC0zNDM2M2JjN2M0YzAiOnsiY3JlYXRlIjoxODAwMDAwMDAwMDAwLCJkZWxldGUiOjE4MDAwMDAwMDAwMDAsInJlYWQiOjMwMDAwMDAwMDAwMH19",
          "dependencies": [
            "azurerm_resource_group.rg",
            "module.vnet_onprem.azurerm_network_interface.nic_onprem",
            "module.vnet_onprem.azurerm_network_security_group.nsg_onprem",
            "module.vnet_onprem.azurerm_public_ip.public_ip_onprem",
            "module.vnet_onprem.azurerm_subnet.subnet_onprem",
            "module.vnet_onprem.azurerm_virtual_network.vnet_onprem"
          ]
        }
      ]
    },
    {
      "module": "module.vnet_onprem",
      "mode": "managed",
      "type": "azurerm_network_security_group",
      "name": "nsg_onprem",
      "provider": "provider[\"registry.terraform.io/hashicorp/azurerm\"]",
      "instances": [
        {
          "schema_version": 0,
          "attributes": {
            "id": "/subscriptions/494116cb-e794-4266-98e5-61c178d62cb4/resourceGroups/rheem-rg/providers/Microsoft.Network/networkSecurityGroups/nsg-onprem",
            "location": "southcentralus",
            "name": "nsg-onprem",
            "resource_group_name": "rheem-rg",
            "security_rule": [
              {
                "access": "Allow",
                "description": "",
                "destination_address_prefix": "*",
                "destination_address_prefixes": [],
                "destination_application_security_group_ids": [],
                "destination_port_range": "22",
                "destination_port_ranges": [],
                "direction": "Inbound",
                "name": "sftp",
                "priority": 100,
                "protocol": "*",
                "source_address_prefix": "*",
                "source_address_prefixes": [],
                "source_application_security_group_ids": [],
                "source_port_range": "*",
                "source_port_ranges": []
              },
              {
                "access": "Allow",
                "description": "",
                "destination_address_prefix": "*",
                "destination_address_prefixes": [],
                "destination_application_security_group_ids": [],
                "destination_port_range": "631",
                "destination_port_ranges": [],
                "direction": "Inbound",
                "name": "cups",
                "priority": 101,
                "protocol": "*",
                "source_address_prefix": "*",
                "source_address_prefixes": [],
                "source_application_security_group_ids": [],
                "source_port_range": "*",
                "source_port_ranges": []
              }
            ],
            "tags": {
              "environment": "dev",
              "owner": "rheem"
            },
            "timeouts": null
          },
          "sensitive_attributes": [],
          "private": "eyJlMmJmYjczMC1lY2FhLTExZTYtOGY4OC0zNDM2M2JjN2M0YzAiOnsiY3JlYXRlIjoxODAwMDAwMDAwMDAwLCJkZWxldGUiOjE4MDAwMDAwMDAwMDAsInJlYWQiOjMwMDAwMDAwMDAwMCwidXBkYXRlIjoxODAwMDAwMDAwMDAwfX0=",
          "dependencies": [
            "azurerm_resource_group.rg"
          ]
        }
      ]
    },
    {
      "module": "module.vnet_onprem",
      "mode": "managed",
      "type": "azurerm_network_security_rule",
      "name": "nsg_onprem_rules",
      "provider": "provider[\"registry.terraform.io/hashicorp/azurerm\"]",
      "instances": [
        {
          "index_key": "cups",
          "schema_version": 0,
          "attributes": {
            "access": "Allow",
            "description": "",
            "destination_address_prefix": "*",
            "destination_address_prefixes": [],
            "destination_application_security_group_ids": [],
            "destination_port_range": "631",
            "destination_port_ranges": [],
            "direction": "Inbound",
            "id": "/subscriptions/494116cb-e794-4266-98e5-61c178d62cb4/resourceGroups/rheem-rg/providers/Microsoft.Network/networkSecurityGroups/nsg-onprem/securityRules/cups",
            "name": "cups",
            "network_security_group_name": "nsg-onprem",
            "priority": 101,
            "protocol": "*",
            "resource_group_name": "rheem-rg",
            "source_address_prefix": "*",
            "source_address_prefixes": [],
            "source_application_security_group_ids": [],
            "source_port_range": "*",
            "source_port_ranges": [],
            "timeouts": null
          },
          "sensitive_attributes": [],
          "private": "eyJlMmJmYjczMC1lY2FhLTExZTYtOGY4OC0zNDM2M2JjN2M0YzAiOnsiY3JlYXRlIjoxODAwMDAwMDAwMDAwLCJkZWxldGUiOjE4MDAwMDAwMDAwMDAsInJlYWQiOjMwMDAwMDAwMDAwMCwidXBkYXRlIjoxODAwMDAwMDAwMDAwfX0=",
          "dependencies": [
            "azurerm_resource_group.rg",
            "module.vnet_onprem.azurerm_network_security_group.nsg_onprem"
          ]
        },
        {
          "index_key": "sftp",
          "schema_version": 0,
          "attributes": {
            "access": "Allow",
            "description": "",
            "destination_address_prefix": "*",
            "destination_address_prefixes": [],
            "destination_application_security_group_ids": [],
            "destination_port_range": "22",
            "destination_port_ranges": [],
            "direction": "Inbound",
            "id": "/subscriptions/494116cb-e794-4266-98e5-61c178d62cb4/resourceGroups/rheem-rg/providers/Microsoft.Network/networkSecurityGroups/nsg-onprem/securityRules/sftp",
            "name": "sftp",
            "network_security_group_name": "nsg-onprem",
            "priority": 100,
            "protocol": "*",
            "resource_group_name": "rheem-rg",
            "source_address_prefix": "*",
            "source_address_prefixes": [],
            "source_application_security_group_ids": [],
            "source_port_range": "*",
            "source_port_ranges": [],
            "timeouts": null
          },
          "sensitive_attributes": [],
          "private": "eyJlMmJmYjczMC1lY2FhLTExZTYtOGY4OC0zNDM2M2JjN2M0YzAiOnsiY3JlYXRlIjoxODAwMDAwMDAwMDAwLCJkZWxldGUiOjE4MDAwMDAwMDAwMDAsInJlYWQiOjMwMDAwMDAwMDAwMCwidXBkYXRlIjoxODAwMDAwMDAwMDAwfX0=",
          "dependencies": [
            "azurerm_resource_group.rg",
            "module.vnet_onprem.azurerm_network_security_group.nsg_onprem"
          ]
        }
      ]
    },
    {
      "module": "module.vnet_onprem",
      "mode": "managed",
      "type": "azurerm_public_ip",
      "name": "public_ip_onprem",
      "provider": "provider[\"registry.terraform.io/hashicorp/azurerm\"]",
      "instances": [
        {
          "schema_version": 0,
          "attributes": {
            "allocation_method": "Static",
            "ddos_protection_mode": "VirtualNetworkInherited",
            "ddos_protection_plan_id": null,
            "domain_name_label": null,
            "edge_zone": "",
            "fqdn": null,
            "id": "/subscriptions/494116cb-e794-4266-98e5-61c178d62cb4/resourceGroups/rheem-rg/providers/Microsoft.Network/publicIPAddresses/public-ip-onprem",
            "idle_timeout_in_minutes": 4,
            "ip_address": "13.65.122.43",
            "ip_tags": {},
            "ip_version": "IPv4",
            "location": "southcentralus",
            "name": "public-ip-onprem",
            "public_ip_prefix_id": null,
            "resource_group_name": "rheem-rg",
            "reverse_fqdn": null,
            "sku": "Standard",
            "sku_tier": "Regional",
            "tags": {
              "environment": "dev",
              "owner": "rheem"
            },
            "timeouts": null,
            "zones": []
          },
          "sensitive_attributes": [],
          "private": "eyJlMmJmYjczMC1lY2FhLTExZTYtOGY4OC0zNDM2M2JjN2M0YzAiOnsiY3JlYXRlIjoxODAwMDAwMDAwMDAwLCJkZWxldGUiOjE4MDAwMDAwMDAwMDAsInJlYWQiOjMwMDAwMDAwMDAwMCwidXBkYXRlIjoxODAwMDAwMDAwMDAwfX0=",
          "dependencies": [
            "azurerm_resource_group.rg"
          ]
        }
      ]
    },
    {
      "module": "module.vnet_onprem",
      "mode": "managed",
      "type": "azurerm_subnet",
      "name": "subnet_onprem",
      "provider": "provider[\"registry.terraform.io/hashicorp/azurerm\"]",
      "instances": [
        {
          "schema_version": 0,
          "attributes": {
            "address_prefixes": [
              "10.0.0.0/24"
            ],
            "default_outbound_access_enabled": true,
            "delegation": [],
            "id": "/subscriptions/494116cb-e794-4266-98e5-61c178d62cb4/resourceGroups/rheem-rg/providers/Microsoft.Network/virtualNetworks/vnet-onprem/subnets/subnet-onprem",
            "name": "subnet-onprem",
            "private_endpoint_network_policies": "Disabled",
            "private_link_service_network_policies_enabled": true,
            "resource_group_name": "rheem-rg",
            "service_endpoint_policy_ids": [],
            "service_endpoints": [],
            "timeouts": null,
            "virtual_network_name": "vnet-onprem"
          },
          "sensitive_attributes": [],
          "private": "eyJlMmJmYjczMC1lY2FhLTExZTYtOGY4OC0zNDM2M2JjN2M0YzAiOnsiY3JlYXRlIjoxODAwMDAwMDAwMDAwLCJkZWxldGUiOjE4MDAwMDAwMDAwMDAsInJlYWQiOjMwMDAwMDAwMDAwMCwidXBkYXRlIjoxODAwMDAwMDAwMDAwfX0=",
          "dependencies": [
            "azurerm_resource_group.rg",
            "module.vnet_onprem.azurerm_virtual_network.vnet_onprem"
          ]
        }
      ]
    },
    {
      "module": "module.vnet_onprem",
      "mode": "managed",
      "type": "azurerm_virtual_network",
      "name": "vnet_onprem",
      "provider": "provider[\"registry.terraform.io/hashicorp/azurerm\"]",
      "instances": [
        {
          "schema_version": 0,
          "attributes": {
            "address_space": [
              "10.0.0.0/16"
            ],
            "bgp_community": "",
            "ddos_protection_plan": [],
            "dns_servers": [],
            "edge_zone": "",
            "encryption": [],
            "flow_timeout_in_minutes": 0,
            "guid": "366f6f1b-6175-40a6-9e72-aafb670e6dff",
            "id": "/subscriptions/494116cb-e794-4266-98e5-61c178d62cb4/resourceGroups/rheem-rg/providers/Microsoft.Network/virtualNetworks/vnet-onprem",
            "location": "southcentralus",
            "name": "vnet-onprem",
            "resource_group_name": "rheem-rg",
            "subnet": [
              {
                "address_prefixes": [
                  "10.0.0.0/24"
                ],
                "default_outbound_access_enabled": true,
                "delegation": [],
                "id": "/subscriptions/494116cb-e794-4266-98e5-61c178d62cb4/resourceGroups/rheem-rg/providers/Microsoft.Network/virtualNetworks/vnet-onprem/subnets/subnet-onprem",
                "name": "subnet-onprem",
                "private_endpoint_network_policies": "Disabled",
                "private_link_service_network_policies_enabled": true,
                "route_table_id": "",
                "security_group": "",
                "service_endpoint_policy_ids": [],
                "service_endpoints": []
              }
            ],
            "tags": {
              "environment": "dev",
              "owner": "rheem"
            },
            "timeouts": null
          },
          "sensitive_attributes": [],
          "private": "eyJlMmJmYjczMC1lY2FhLTExZTYtOGY4OC0zNDM2M2JjN2M0YzAiOnsiY3JlYXRlIjoxODAwMDAwMDAwMDAwLCJkZWxldGUiOjE4MDAwMDAwMDAwMDAsInJlYWQiOjMwMDAwMDAwMDAwMCwidXBkYXRlIjoxODAwMDAwMDAwMDAwfX0=",
          "dependencies": [
            "azurerm_resource_group.rg"
          ]
        }
      ]
    },
    {
      "module": "module.vnet_peering",
      "mode": "managed",
      "type": "azurerm_virtual_network_peering",
      "name": "vnet_peering_cloud_to_onprem",
      "provider": "provider[\"registry.terraform.io/hashicorp/azurerm\"]",
      "instances": [
        {
          "schema_version": 0,
          "attributes": {
            "allow_forwarded_traffic": true,
            "allow_gateway_transit": false,
            "allow_virtual_network_access": true,
            "id": "/subscriptions/494116cb-e794-4266-98e5-61c178d62cb4/resourceGroups/rheem-rg/providers/Microsoft.Network/virtualNetworks/vnet-cloud/virtualNetworkPeerings/vnet-peering-cloud-to-onprem",
            "local_subnet_names": [],
            "name": "vnet-peering-cloud-to-onprem",
            "only_ipv6_peering_enabled": false,
            "peer_complete_virtual_networks_enabled": true,
            "remote_subnet_names": [],
            "remote_virtual_network_id": "/subscriptions/494116cb-e794-4266-98e5-61c178d62cb4/resourceGroups/rheem-rg/providers/Microsoft.Network/virtualNetworks/vnet-onprem",
            "resource_group_name": "rheem-rg",
            "timeouts": null,
            "triggers": null,
            "use_remote_gateways": false,
            "virtual_network_name": "vnet-cloud"
          },
          "sensitive_attributes": [],
          "private": "eyJlMmJmYjczMC1lY2FhLTExZTYtOGY4OC0zNDM2M2JjN2M0YzAiOnsiY3JlYXRlIjoxODAwMDAwMDAwMDAwLCJkZWxldGUiOjE4MDAwMDAwMDAwMDAsInJlYWQiOjMwMDAwMDAwMDAwMCwidXBkYXRlIjoxODAwMDAwMDAwMDAwfX0=",
          "dependencies": [
            "azurerm_resource_group.rg",
            "module.vnet_cloud.azurerm_virtual_network.vnet_cloud",
            "module.vnet_onprem.azurerm_virtual_network.vnet_onprem"
          ]
        }
      ]
    },
    {
      "module": "module.vnet_peering",
      "mode": "managed",
      "type": "azurerm_virtual_network_peering",
      "name": "vnet_peering_onprem_to_cloud",
      "provider": "provider[\"registry.terraform.io/hashicorp/azurerm\"]",
      "instances": [
        {
          "schema_version": 0,
          "attributes": {
            "allow_forwarded_traffic": true,
            "allow_gateway_transit": false,
            "allow_virtual_network_access": true,
            "id": "/subscriptions/494116cb-e794-4266-98e5-61c178d62cb4/resourceGroups/rheem-rg/providers/Microsoft.Network/virtualNetworks/vnet-onprem/virtualNetworkPeerings/vnet-peering-onprem-to-cloud",
            "local_subnet_names": [],
            "name": "vnet-peering-onprem-to-cloud",
            "only_ipv6_peering_enabled": false,
            "peer_complete_virtual_networks_enabled": true,
            "remote_subnet_names": [],
            "remote_virtual_network_id": "/subscriptions/494116cb-e794-4266-98e5-61c178d62cb4/resourceGroups/rheem-rg/providers/Microsoft.Network/virtualNetworks/vnet-cloud",
            "resource_group_name": "rheem-rg",
            "timeouts": null,
            "triggers": null,
            "use_remote_gateways": false,
            "virtual_network_name": "vnet-onprem"
          },
          "sensitive_attributes": [],
          "private": "eyJlMmJmYjczMC1lY2FhLTExZTYtOGY4OC0zNDM2M2JjN2M0YzAiOnsiY3JlYXRlIjoxODAwMDAwMDAwMDAwLCJkZWxldGUiOjE4MDAwMDAwMDAwMDAsInJlYWQiOjMwMDAwMDAwMDAwMCwidXBkYXRlIjoxODAwMDAwMDAwMDAwfX0=",
          "dependencies": [
            "azurerm_resource_group.rg",
            "module.vnet_cloud.azurerm_virtual_network.vnet_cloud",
            "module.vnet_onprem.azurerm_virtual_network.vnet_onprem"
          ]
        }
      ]
    }
  ],
  "check_results": null
}
